
Microsoft Visual Studio Solution File, Format Version 12.00
# Visual Studio Version 16
VisualStudioVersion = 16.0.31112.23
MinimumVisualStudioVersion = 10.0.40219.1
Project("{9A19103F-16F7-4668-BE54-9A1E7A4F7556}") = "LijsDev.DesignerCanvasDemo", "DesignerCanvas.Demo\LijsDev.DesignerCanvasDemo.csproj", "{DF5E4E28-2432-4AB7-9D75-BA5C7203457C}"
EndProject
Project("{9A19103F-16F7-4668-BE54-9A1E7A4F7556}") = "LijsDev.DesignerCanvas", "DesignerCanvas\LijsDev.DesignerCanvas.csproj", "{B437DF5F-20E0-4082-A92E-5C1D9C31A8E9}"
EndProject
Global
	GlobalSection(SolutionConfigurationPlatforms) = preSolution
		Debug|Any CPU = Debug|Any CPU
		Release|Any CPU = Release|Any CPU
	EndGlobalSection
	GlobalSection(ProjectConfigurationPlatforms) = postSolution
		{DF5E4E28-2432-4AB7-9D75-BA5C7203457C}.Debug|Any CPU.ActiveCfg = Debug|Any CPU
		{DF5E4E28-2432-4AB7-9D75-BA5C7203457C}.Debug|Any CPU.Build.0 = Debug|Any CPU
		{DF5E4E28-2432-4AB7-9D75-BA5C7203457C}.Release|Any CPU.ActiveCfg = Release|Any CPU
		{DF5E4E28-2432-4AB7-9D75-BA5C7203457C}.Release|Any CPU.Build.0 = Release|Any CPU
		{B437DF5F-20E0-4082-A92E-5C1D9C31A8E9}.Debug|Any CPU.ActiveCfg = Debug|Any CPU
		{B437DF5F-20E0-4082-A92E-5C1D9C31A8E9}.Debug|Any CPU.Build.0 = Debug|Any CPU
		{B437DF5F-20E0-4082-A92E-5C1D9C31A8E9}.Release|Any CPU.ActiveCfg = Release|Any CPU
		{B437DF5F-20E0-4082-A92E-5C1D9C31A8E9}.Release|Any CPU.Build.0 = Release|Any CPU
	EndGlobalSection
	GlobalSection(SolutionProperties) = preSolution
		HideSolutionNode = FALSE
	EndGlobalSection
	GlobalSection(ExtensibilityGlobals) = postSolution
		SolutionGuid = {B856C2BF-318C-4712-A50E-F3A823BAFE46}
	EndGlobalSection
EndGlobal
